{
  "object": {
    "pins": [
      {
        "package": "Alamofire",
        "repositoryURL": "https://github.com/Alamofire/Alamofire",
        "state": {
          "branch": null,
          "revision": "becd9a729a37bdbef5bc39dc3c702b99f9e3d046",
          "version": "5.2.2"
        }
      },
      {
        "package": "ObjectMapper",
        "repositoryURL": "https://github.com/tristanhimmelman/ObjectMapper",
        "state": {
          "branch": null,
          "revision": "0b96a734de3ea1c87374ae677064f86adb0716ec",
          "version": "4.2.0"
        }
      },
      {
        "package": "Realm",
        "repositoryURL": "https://github.com/realm/realm-cocoa",
        "state": {
          "branch": null,
          "revision": "2dc2d259095051b997b76a07e859822661105303",
          "version": "5.4.7"
        }
      },
      {
        "package": "RealmCore",
        "repositoryURL": "https://github.com/realm/realm-core",
        "state": {
          "branch": null,
          "revision": "2df510904ad04287926b287b4e89b786de2808c8",
          "version": "6.1.3"
        }
      },
      {
        "package": "SDWebImage",
        "repositoryURL": "https://github.com/SDWebImage/SDWebImage",
        "state": {
          "branch": null,
          "revision": "665d02280f5c04515e76feb78078dd89da091f3e",
          "version": "5.9.2"
        }
      }
    ]
  },
  "version": 1
}
