PODS:
  - Alamofire (4.9.1)
  - AlamofireObjectMapper (5.2.1):
    - Alamofire (~> 4.7)
    - ObjectMapper (~> 3.4)
  - ObjectMapper (3.5.1)
  - Realm (3.20.0):
    - Realm/Headers (= 3.20.0)
  - Realm/Headers (3.20.0)
  - RealmSwift (3.20.0):
    - Realm (= 3.20.0)
  - SDWebImage (5.5.2):
    - SDWebImage/Core (= 5.5.2)
  - SDWebImage/Core (5.5.2)

DEPENDENCIES:
  - Alamofire
  - AlamofireObjectMapper (~> 5.2)
  - RealmSwift (~> 3.20.0)
  - SDWebImage

SPEC REPOS:
  trunk:
    - Alamofire
    - AlamofireObjectMapper
    - ObjectMapper
    - Realm
    - RealmSwift
    - SDWebImage

SPEC CHECKSUMS:
  Alamofire: 85e8a02c69d6020a0d734f6054870d7ecb75cf18
  AlamofireObjectMapper: 1989f690e982b71921b9253f53a4f33a9bc00d88
  ObjectMapper: 70187b8941977c62ccfb423caf6b50be405cabf0
  Realm: 8b2ca5bc6479a91f379b6b42b5922e396cd5ba5a
  RealmSwift: 1949ef26a279e1845bd51d591b9103adfcd121df
  SDWebImage: 4d5c027c935438f341ed33dbac53ff9f479922ca

PODFILE CHECKSUM: df7d04f1b86226455f096ab0ddca9315ae5c38c2

COCOAPODS: 1.8.4
